
Microsoft Visual Studio Solution File, Format Version 12.00
# Visual Studio Version 17
VisualStudioVersion = 17.5.2.0
MinimumVisualStudioVersion = 10.0.40219.1
Project("{FAE04EC0-301F-11D3-BF4B-00C04F79EFBC}") = "QuestionApp.Api", "QuestionApp.Api\QuestionApp.Api.csproj", "{A7A32163-AE21-0D78-C301-EABF4B6966EC}"
EndProject
Project("{FAE04EC0-301F-11D3-BF4B-00C04F79EFBC}") = "QuestionApp.Infrastructure1", "Infrastructure1\QuestionApp.Infrastructure1.csproj", "{65D31F5B-0090-4249-87A6-EE89411462EB}"
EndProject
Project("{FAE04EC0-301F-11D3-BF4B-00C04F79EFBC}") = "QuestionApp.Domain1", "Domain1\QuestionApp.Domain1.csproj", "{31FB7817-F877-4E5F-8BF8-74729221212D}"
EndProject
Project("{FAE04EC0-301F-11D3-BF4B-00C04F79EFBC}") = "QuestionApp.Application1", "Application1\QuestionApp.Application1.csproj", "{9AB3C6B4-D792-4064-9DFF-1190A2499273}"
EndProject
Global
	GlobalSection(SolutionConfigurationPlatforms) = preSolution
		Debug|Any CPU = Debug|Any CPU
		Release|Any CPU = Release|Any CPU
	EndGlobalSection
	GlobalSection(ProjectConfigurationPlatforms) = postSolution
		{A7A32163-AE21-0D78-C301-EABF4B6966EC}.Debug|Any CPU.ActiveCfg = Debug|Any CPU
		{A7A32163-AE21-0D78-C301-EABF4B6966EC}.Debug|Any CPU.Build.0 = Debug|Any CPU
		{A7A32163-AE21-0D78-C301-EABF4B6966EC}.Release|Any CPU.ActiveCfg = Release|Any CPU
		{A7A32163-AE21-0D78-C301-EABF4B6966EC}.Release|Any CPU.Build.0 = Release|Any CPU
		{65D31F5B-0090-4249-87A6-EE89411462EB}.Debug|Any CPU.ActiveCfg = Debug|Any CPU
		{65D31F5B-0090-4249-87A6-EE89411462EB}.Debug|Any CPU.Build.0 = Debug|Any CPU
		{65D31F5B-0090-4249-87A6-EE89411462EB}.Release|Any CPU.ActiveCfg = Release|Any CPU
		{65D31F5B-0090-4249-87A6-EE89411462EB}.Release|Any CPU.Build.0 = Release|Any CPU
		{31FB7817-F877-4E5F-8BF8-74729221212D}.Debug|Any CPU.ActiveCfg = Debug|Any CPU
		{31FB7817-F877-4E5F-8BF8-74729221212D}.Debug|Any CPU.Build.0 = Debug|Any CPU
		{31FB7817-F877-4E5F-8BF8-74729221212D}.Release|Any CPU.ActiveCfg = Release|Any CPU
		{31FB7817-F877-4E5F-8BF8-74729221212D}.Release|Any CPU.Build.0 = Release|Any CPU
		{9AB3C6B4-D792-4064-9DFF-1190A2499273}.Debug|Any CPU.ActiveCfg = Debug|Any CPU
		{9AB3C6B4-D792-4064-9DFF-1190A2499273}.Debug|Any CPU.Build.0 = Debug|Any CPU
		{9AB3C6B4-D792-4064-9DFF-1190A2499273}.Release|Any CPU.ActiveCfg = Release|Any CPU
		{9AB3C6B4-D792-4064-9DFF-1190A2499273}.Release|Any CPU.Build.0 = Release|Any CPU
	EndGlobalSection
	GlobalSection(SolutionProperties) = preSolution
		HideSolutionNode = FALSE
	EndGlobalSection
	GlobalSection(ExtensibilityGlobals) = postSolution
		SolutionGuid = {83AF96F4-B969-4553-9552-6EDE8ED538BD}
	EndGlobalSection
EndGlobal
